
Microsoft Visual Studio Solution File, Format Version 12.00
# Visual Studio Version 17
VisualStudioVersion = 17.0.31903.59
MinimumVisualStudioVersion = 10.0.40219.1
Project("{2150E333-8FDC-42A3-9474-1A3956D46DE8}") = "src", "src", "{827E0CD3-B72D-47B6-A68D-7590B98EB39B}"
EndProject
Project("{FAE04EC0-301F-11D3-BF4B-00C04F79EFBC}") = "onishiro.logspy.broker", "src\onishiro.logspy.broker\onishiro.logspy.broker.csproj", "{2F3C1403-C789-4A5E-8B10-06681B14E350}"
EndProject
Project("{FAE04EC0-301F-11D3-BF4B-00C04F79EFBC}") = "onishiro.logspy.client", "src\onishiro.logspy.client\onishiro.logspy.client.csproj", "{2D16CF41-CD44-4C06-A0B6-3341BF6E08D3}"
EndProject
Project("{FAE04EC0-301F-11D3-BF4B-00C04F79EFBC}") = "onishiro.logspy.client.core", "src\onishiro.logspy.client.core\onishiro.logspy.client.core.csproj", "{3BAC822F-9FD3-4C58-82D4-F1222637936D}"
EndProject
Project("{FAE04EC0-301F-11D3-BF4B-00C04F79EFBC}") = "onishiro.logspy.common", "src\onishiro.logspy.common\onishiro.logspy.common.csproj", "{08574902-E178-4B57-A396-99A4452D6A63}"
EndProject
Global
	GlobalSection(SolutionConfigurationPlatforms) = preSolution
		Debug|Any CPU = Debug|Any CPU
		Debug|x64 = Debug|x64
		Debug|x86 = Debug|x86
		Release|Any CPU = Release|Any CPU
		Release|x64 = Release|x64
		Release|x86 = Release|x86
	EndGlobalSection
	GlobalSection(ProjectConfigurationPlatforms) = postSolution
		{2F3C1403-C789-4A5E-8B10-06681B14E350}.Debug|Any CPU.ActiveCfg = Debug|Any CPU
		{2F3C1403-C789-4A5E-8B10-06681B14E350}.Debug|Any CPU.Build.0 = Debug|Any CPU
		{2F3C1403-C789-4A5E-8B10-06681B14E350}.Debug|x64.ActiveCfg = Debug|Any CPU
		{2F3C1403-C789-4A5E-8B10-06681B14E350}.Debug|x64.Build.0 = Debug|Any CPU
		{2F3C1403-C789-4A5E-8B10-06681B14E350}.Debug|x86.ActiveCfg = Debug|Any CPU
		{2F3C1403-C789-4A5E-8B10-06681B14E350}.Debug|x86.Build.0 = Debug|Any CPU
		{2F3C1403-C789-4A5E-8B10-06681B14E350}.Release|Any CPU.ActiveCfg = Release|Any CPU
		{2F3C1403-C789-4A5E-8B10-06681B14E350}.Release|Any CPU.Build.0 = Release|Any CPU
		{2F3C1403-C789-4A5E-8B10-06681B14E350}.Release|x64.ActiveCfg = Release|Any CPU
		{2F3C1403-C789-4A5E-8B10-06681B14E350}.Release|x64.Build.0 = Release|Any CPU
		{2F3C1403-C789-4A5E-8B10-06681B14E350}.Release|x86.ActiveCfg = Release|Any CPU
		{2F3C1403-C789-4A5E-8B10-06681B14E350}.Release|x86.Build.0 = Release|Any CPU
		{2D16CF41-CD44-4C06-A0B6-3341BF6E08D3}.Debug|Any CPU.ActiveCfg = Debug|Any CPU
		{2D16CF41-CD44-4C06-A0B6-3341BF6E08D3}.Debug|Any CPU.Build.0 = Debug|Any CPU
		{2D16CF41-CD44-4C06-A0B6-3341BF6E08D3}.Debug|x64.ActiveCfg = Debug|Any CPU
		{2D16CF41-CD44-4C06-A0B6-3341BF6E08D3}.Debug|x64.Build.0 = Debug|Any CPU
		{2D16CF41-CD44-4C06-A0B6-3341BF6E08D3}.Debug|x86.ActiveCfg = Debug|Any CPU
		{2D16CF41-CD44-4C06-A0B6-3341BF6E08D3}.Debug|x86.Build.0 = Debug|Any CPU
		{2D16CF41-CD44-4C06-A0B6-3341BF6E08D3}.Release|Any CPU.ActiveCfg = Release|Any CPU
		{2D16CF41-CD44-4C06-A0B6-3341BF6E08D3}.Release|Any CPU.Build.0 = Release|Any CPU
		{2D16CF41-CD44-4C06-A0B6-3341BF6E08D3}.Release|x64.ActiveCfg = Release|Any CPU
		{2D16CF41-CD44-4C06-A0B6-3341BF6E08D3}.Release|x64.Build.0 = Release|Any CPU
		{2D16CF41-CD44-4C06-A0B6-3341BF6E08D3}.Release|x86.ActiveCfg = Release|Any CPU
		{2D16CF41-CD44-4C06-A0B6-3341BF6E08D3}.Release|x86.Build.0 = Release|Any CPU
		{3BAC822F-9FD3-4C58-82D4-F1222637936D}.Debug|Any CPU.ActiveCfg = Debug|Any CPU
		{3BAC822F-9FD3-4C58-82D4-F1222637936D}.Debug|Any CPU.Build.0 = Debug|Any CPU
		{3BAC822F-9FD3-4C58-82D4-F1222637936D}.Debug|x64.ActiveCfg = Debug|Any CPU
		{3BAC822F-9FD3-4C58-82D4-F1222637936D}.Debug|x64.Build.0 = Debug|Any CPU
		{3BAC822F-9FD3-4C58-82D4-F1222637936D}.Debug|x86.ActiveCfg = Debug|Any CPU
		{3BAC822F-9FD3-4C58-82D4-F1222637936D}.Debug|x86.Build.0 = Debug|Any CPU
		{3BAC822F-9FD3-4C58-82D4-F1222637936D}.Release|Any CPU.ActiveCfg = Release|Any CPU
		{3BAC822F-9FD3-4C58-82D4-F1222637936D}.Release|Any CPU.Build.0 = Release|Any CPU
		{3BAC822F-9FD3-4C58-82D4-F1222637936D}.Release|x64.ActiveCfg = Release|Any CPU
		{3BAC822F-9FD3-4C58-82D4-F1222637936D}.Release|x64.Build.0 = Release|Any CPU
		{3BAC822F-9FD3-4C58-82D4-F1222637936D}.Release|x86.ActiveCfg = Release|Any CPU
		{3BAC822F-9FD3-4C58-82D4-F1222637936D}.Release|x86.Build.0 = Release|Any CPU
		{08574902-E178-4B57-A396-99A4452D6A63}.Debug|Any CPU.ActiveCfg = Debug|Any CPU
		{08574902-E178-4B57-A396-99A4452D6A63}.Debug|Any CPU.Build.0 = Debug|Any CPU
		{08574902-E178-4B57-A396-99A4452D6A63}.Debug|x64.ActiveCfg = Debug|Any CPU
		{08574902-E178-4B57-A396-99A4452D6A63}.Debug|x64.Build.0 = Debug|Any CPU
		{08574902-E178-4B57-A396-99A4452D6A63}.Debug|x86.ActiveCfg = Debug|Any CPU
		{08574902-E178-4B57-A396-99A4452D6A63}.Debug|x86.Build.0 = Debug|Any CPU
		{08574902-E178-4B57-A396-99A4452D6A63}.Release|Any CPU.ActiveCfg = Release|Any CPU
		{08574902-E178-4B57-A396-99A4452D6A63}.Release|Any CPU.Build.0 = Release|Any CPU
		{08574902-E178-4B57-A396-99A4452D6A63}.Release|x64.ActiveCfg = Release|Any CPU
		{08574902-E178-4B57-A396-99A4452D6A63}.Release|x64.Build.0 = Release|Any CPU
		{08574902-E178-4B57-A396-99A4452D6A63}.Release|x86.ActiveCfg = Release|Any CPU
		{08574902-E178-4B57-A396-99A4452D6A63}.Release|x86.Build.0 = Release|Any CPU
	EndGlobalSection
	GlobalSection(SolutionProperties) = preSolution
		HideSolutionNode = FALSE
	EndGlobalSection
	GlobalSection(NestedProjects) = preSolution
		{2F3C1403-C789-4A5E-8B10-06681B14E350} = {827E0CD3-B72D-47B6-A68D-7590B98EB39B}
		{2D16CF41-CD44-4C06-A0B6-3341BF6E08D3} = {827E0CD3-B72D-47B6-A68D-7590B98EB39B}
		{3BAC822F-9FD3-4C58-82D4-F1222637936D} = {827E0CD3-B72D-47B6-A68D-7590B98EB39B}
		{08574902-E178-4B57-A396-99A4452D6A63} = {827E0CD3-B72D-47B6-A68D-7590B98EB39B}
	EndGlobalSection
EndGlobal
